
Microsoft Visual Studio Solution File, Format Version 12.00
# Visual Studio Version 17
VisualStudioVersion = 17.14.36414.22 d17.14
MinimumVisualStudioVersion = 10.0.40219.1
Project("{FAE04EC0-301F-11D3-BF4B-00C04F79EFBC}") = "GHASample3", "GHASample3\GHASample3.csproj", "{98D8F4CB-6497-4927-9E02-5307F655E629}"
EndProject
Global
	GlobalSection(SolutionConfigurationPlatforms) = preSolution
		Debug|Any CPU = Debug|Any CPU
		Release|Any CPU = Release|Any CPU
	EndGlobalSection
	GlobalSection(ProjectConfigurationPlatforms) = postSolution
		{98D8F4CB-6497-4927-9E02-5307F655E629}.Debug|Any CPU.ActiveCfg = Debug|Any CPU
		{98D8F4CB-6497-4927-9E02-5307F655E629}.Debug|Any CPU.Build.0 = Debug|Any CPU
		{98D8F4CB-6497-4927-9E02-5307F655E629}.Release|Any CPU.ActiveCfg = Release|Any CPU
		{98D8F4CB-6497-4927-9E02-5307F655E629}.Release|Any CPU.Build.0 = Release|Any CPU
	EndGlobalSection
	GlobalSection(SolutionProperties) = preSolution
		HideSolutionNode = FALSE
	EndGlobalSection
	GlobalSection(ExtensibilityGlobals) = postSolution
		SolutionGuid = {9B847960-2F8D-42EC-B8F2-CD51F50C9A8B}
	EndGlobalSection
EndGlobal
